
Microsoft Visual Studio Solution File, Format Version 12.00
# Visual Studio 2013
VisualStudioVersion = 12.0.40629.0
VisualStudioVersion = 12.0.21005.1
MinimumVisualStudioVersion = 10.0.40219.1
Project("{FAE04EC0-301F-11D3-BF4B-00C04F79EFBC}") = "OOAD-HR System", "OOAD-HR System\OOAD-HR System.csproj", "{3317E0D9-771E-47A6-B16D-5E3200657698}"
EndProject
Project("{FAE04EC0-301F-11D3-BF4B-00C04F79EFBC}") = "OOAD-HR SystemTests", "OOAD-HR SystemTests\OOAD-HR SystemTests.csproj", "{2ADB15C0-59BD-49DD-B63B-9873F6176D24}"
EndProject
Global
	GlobalSection(SolutionConfigurationPlatforms) = preSolution
		Debug|Any CPU = Debug|Any CPU
		Release|Any CPU = Release|Any CPU
	EndGlobalSection
	GlobalSection(ProjectConfigurationPlatforms) = postSolution
		{3317E0D9-771E-47A6-B16D-5E3200657698}.Debug|Any CPU.ActiveCfg = Debug|Any CPU
		{3317E0D9-771E-47A6-B16D-5E3200657698}.Debug|Any CPU.Build.0 = Debug|Any CPU
		{3317E0D9-771E-47A6-B16D-5E3200657698}.Release|Any CPU.ActiveCfg = Release|Any CPU
		{3317E0D9-771E-47A6-B16D-5E3200657698}.Release|Any CPU.Build.0 = Release|Any CPU
		{2ADB15C0-59BD-49DD-B63B-9873F6176D24}.Debug|Any CPU.ActiveCfg = Debug|Any CPU
		{2ADB15C0-59BD-49DD-B63B-9873F6176D24}.Debug|Any CPU.Build.0 = Debug|Any CPU
		{2ADB15C0-59BD-49DD-B63B-9873F6176D24}.Release|Any CPU.ActiveCfg = Release|Any CPU
		{2ADB15C0-59BD-49DD-B63B-9873F6176D24}.Release|Any CPU.Build.0 = Release|Any CPU
	EndGlobalSection
	GlobalSection(SolutionProperties) = preSolution
		HideSolutionNode = FALSE
	EndGlobalSection
EndGlobal
